// !$*UTF8*$!
{
	archiveVersion = 1;
	classes = {
	};
	objectVersion = 56;
	objects = {

/* Begin PBXBuildFile section */
		5F55C5722BA1C6F000997859 /* StarWarsTests.swift in Sources */ = {isa = PBXBuildFile; fileRef = 5F55C5712BA1C6F000997859 /* StarWarsTests.swift */; };
		5F55C57C2BA1C6F000997859 /* StarWarsUITests.swift in Sources */ = {isa = PBXBuildFile; fileRef = 5F55C57B2BA1C6F000997859 /* StarWarsUITests.swift */; };
		5F55C57E2BA1C6F000997859 /* StarWarsUITestsLaunchTests.swift in Sources */ = {isa = PBXBuildFile; fileRef = 5F55C57D2BA1C6F000997859 /* StarWarsUITestsLaunchTests.swift */; };
		5F601EE72BA2A2A0004D029C /* AppDelegate.swift in Sources */ = {isa = PBXBuildFile; fileRef = 5F601ED92BA2A2A0004D029C /* AppDelegate.swift */; };
		5F601EE82BA2A2A0004D029C /* SceneDelegate.swift in Sources */ = {isa = PBXBuildFile; fileRef = 5F601EDA2BA2A2A0004D029C /* SceneDelegate.swift */; };
		5F601EE92BA2A2A0004D029C /* LaunchScreen.storyboard in Resources */ = {isa = PBXBuildFile; fileRef = 5F601EDF2BA2A2A0004D029C /* LaunchScreen.storyboard */; };
		5F601EEA2BA2A2A0004D029C /* Main.storyboard in Resources */ = {isa = PBXBuildFile; fileRef = 5F601EE12BA2A2A0004D029C /* Main.storyboard */; };
		5F601EEB2BA2A2A0004D029C /* ViewController.swift in Sources */ = {isa = PBXBuildFile; fileRef = 5F601EE22BA2A2A0004D029C /* ViewController.swift */; };
		5F601EEC2BA2A2A0004D029C /* Assets.xcassets in Resources */ = {isa = PBXBuildFile; fileRef = 5F601EE42BA2A2A0004D029C /* Assets.xcassets */; };
		5F601EF32BA2D916004D029C /* DemoTableViewCell.xib in Resources */ = {isa = PBXBuildFile; fileRef = 5F601EF22BA2D916004D029C /* DemoTableViewCell.xib */; };
		5F601EF42BA2D916004D029C /* DemoTableViewCell.swift in Sources */ = {isa = PBXBuildFile; fileRef = 5F601EF12BA2D916004D029C /* DemoTableViewCell.swift */; };
		5F6F09DC2BA84B0300374B42 /* Planets.swift in Sources */ = {isa = PBXBuildFile; fileRef = 5F6F09DB2BA84B0300374B42 /* Planets.swift */; };
		5F6F09E02BA8AFDC00374B42 /* PlanetDetailsViewController.swift in Sources */ = {isa = PBXBuildFile; fileRef = 5F6F09DF2BA8AFDC00374B42 /* PlanetDetailsViewController.swift */; };
		5FDC25D32BA9561400713032 /* PlViewModal.swift in Sources */ = {isa = PBXBuildFile; fileRef = 5FDC25D22BA9561400713032 /* PlViewModal.swift */; };
/* End PBXBuildFile section */

/* Begin PBXContainerItemProxy section */
		5F55C56E2BA1C6F000997859 /* PBXContainerItemProxy */ = {
			isa = PBXContainerItemProxy;
			containerPortal = 5F55C54F2BA1C6EF00997859 /* Project object */;
			proxyType = 1;
			remoteGlobalIDString = 5F55C5562BA1C6EF00997859;
			remoteInfo = StarWars;
		};
		5F55C5782BA1C6F000997859 /* PBXContainerItemProxy */ = {
			isa = PBXContainerItemProxy;
			containerPortal = 5F55C54F2BA1C6EF00997859 /* Project object */;
			proxyType = 1;
			remoteGlobalIDString = 5F55C5562BA1C6EF00997859;
			remoteInfo = StarWars;
		};
/* End PBXContainerItemProxy section */

/* Begin PBXFileReference section */
		5F55C5572BA1C6EF00997859 /* StarWars.app */ = {isa = PBXFileReference; explicitFileType = wrapper.application; includeInIndex = 0; path = StarWars.app; sourceTree = BUILT_PRODUCTS_DIR; };
		5F55C5682BA1C6F000997859 /* Info.plist */ = {isa = PBXFileReference; lastKnownFileType = text.plist.xml; path = Info.plist; sourceTree = "<group>"; };
		5F55C56D2BA1C6F000997859 /* StarWarsTests.xctest */ = {isa = PBXFileReference; explicitFileType = wrapper.cfbundle; includeInIndex = 0; path = StarWarsTests.xctest; sourceTree = BUILT_PRODUCTS_DIR; };
		5F55C5712BA1C6F000997859 /* StarWarsTests.swift */ = {isa = PBXFileReference; lastKnownFileType = sourcecode.swift; path = StarWarsTests.swift; sourceTree = "<group>"; };
		5F55C5772BA1C6F000997859 /* StarWarsUITests.xctest */ = {isa = PBXFileReference; explicitFileType = wrapper.cfbundle; includeInIndex = 0; path = StarWarsUITests.xctest; sourceTree = BUILT_PRODUCTS_DIR; };
		5F55C57B2BA1C6F000997859 /* StarWarsUITests.swift */ = {isa = PBXFileReference; lastKnownFileType = sourcecode.swift; path = StarWarsUITests.swift; sourceTree = "<group>"; };
		5F55C57D2BA1C6F000997859 /* StarWarsUITestsLaunchTests.swift */ = {isa = PBXFileReference; lastKnownFileType = sourcecode.swift; path = StarWarsUITestsLaunchTests.swift; sourceTree = "<group>"; };
		5F601ED92BA2A2A0004D029C /* AppDelegate.swift */ = {isa = PBXFileReference; fileEncoding = 4; lastKnownFileType = sourcecode.swift; path = AppDelegate.swift; sourceTree = "<group>"; };
		5F601EDA2BA2A2A0004D029C /* SceneDelegate.swift */ = {isa = PBXFileReference; fileEncoding = 4; lastKnownFileType = sourcecode.swift; path = SceneDelegate.swift; sourceTree = "<group>"; };
		5F601EDE2BA2A2A0004D029C /* Base */ = {isa = PBXFileReference; lastKnownFileType = file.storyboard; name = Base; path = Base.lproj/LaunchScreen.storyboard; sourceTree = "<group>"; };
		5F601EE02BA2A2A0004D029C /* Base */ = {isa = PBXFileReference; lastKnownFileType = file.storyboard; name = Base; path = Base.lproj/Main.storyboard; sourceTree = "<group>"; };
		5F601EE22BA2A2A0004D029C /* ViewController.swift */ = {isa = PBXFileReference; fileEncoding = 4; lastKnownFileType = sourcecode.swift; path = ViewController.swift; sourceTree = "<group>"; };
		5F601EE42BA2A2A0004D029C /* Assets.xcassets */ = {isa = PBXFileReference; lastKnownFileType = folder.assetcatalog; path = Assets.xcassets; sourceTree = "<group>"; };
		5F601EF12BA2D916004D029C /* DemoTableViewCell.swift */ = {isa = PBXFileReference; lastKnownFileType = sourcecode.swift; path = DemoTableViewCell.swift; sourceTree = "<group>"; };
		5F601EF22BA2D916004D029C /* DemoTableViewCell.xib */ = {isa = PBXFileReference; lastKnownFileType = file.xib; path = DemoTableViewCell.xib; sourceTree = "<group>"; };
		5F6F09DB2BA84B0300374B42 /* Planets.swift */ = {isa = PBXFileReference; lastKnownFileType = sourcecode.swift; path = Planets.swift; sourceTree = "<group>"; };
		5F6F09DF2BA8AFDC00374B42 /* PlanetDetailsViewController.swift */ = {isa = PBXFileReference; lastKnownFileType = sourcecode.swift; path = PlanetDetailsViewController.swift; sourceTree = "<group>"; };
		5FDC25D22BA9561400713032 /* PlViewModal.swift */ = {isa = PBXFileReference; lastKnownFileType = sourcecode.swift; path = PlViewModal.swift; sourceTree = "<group>"; };
/* End PBXFileReference section */

/* Begin PBXFrameworksBuildPhase section */
		5F55C5542BA1C6EF00997859 /* Frameworks */ = {
			isa = PBXFrameworksBuildPhase;
			buildActionMask = 2147483647;
			files = (
			);
			runOnlyForDeploymentPostprocessing = 0;
		};
		5F55C56A2BA1C6F000997859 /* Frameworks */ = {
			isa = PBXFrameworksBuildPhase;
			buildActionMask = 2147483647;
			files = (
			);
			runOnlyForDeploymentPostprocessing = 0;
		};
		5F55C5742BA1C6F000997859 /* Frameworks */ = {
			isa = PBXFrameworksBuildPhase;
			buildActionMask = 2147483647;
			files = (
			);
			runOnlyForDeploymentPostprocessing = 0;
		};
/* End PBXFrameworksBuildPhase section */

/* Begin PBXGroup section */
		5F55C54E2BA1C6EF00997859 = {
			isa = PBXGroup;
			children = (
				5F55C5592BA1C6EF00997859 /* StarWars */,
				5F55C5702BA1C6F000997859 /* StarWarsTests */,
				5F55C57A2BA1C6F000997859 /* StarWarsUITests */,
				5F55C5582BA1C6EF00997859 /* Products */,
			);
			sourceTree = "<group>";
		};
		5F55C5582BA1C6EF00997859 /* Products */ = {
			isa = PBXGroup;
			children = (
				5F55C5572BA1C6EF00997859 /* StarWars.app */,
				5F55C56D2BA1C6F000997859 /* StarWarsTests.xctest */,
				5F55C5772BA1C6F000997859 /* StarWarsUITests.xctest */,
			);
			name = Products;
			sourceTree = "<group>";
		};
		5F55C5592BA1C6EF00997859 /* StarWars */ = {
			isa = PBXGroup;
			children = (
				5F601EDB2BA2A2A0004D029C /* Delegates */,
				5F601EE62BA2A2A0004D029C /* Source */,
				5F55C5682BA1C6F000997859 /* Info.plist */,
			);
			path = StarWars;
			sourceTree = "<group>";
		};
		5F55C5702BA1C6F000997859 /* StarWarsTests */ = {
			isa = PBXGroup;
			children = (
				5F55C5712BA1C6F000997859 /* StarWarsTests.swift */,
			);
			path = StarWarsTests;
			sourceTree = "<group>";
		};
		5F55C57A2BA1C6F000997859 /* StarWarsUITests */ = {
			isa = PBXGroup;
			children = (
				5F55C57B2BA1C6F000997859 /* StarWarsUITests.swift */,
				5F55C57D2BA1C6F000997859 /* StarWarsUITestsLaunchTests.swift */,
			);
			path = StarWarsUITests;
			sourceTree = "<group>";
		};
		5F601EDB2BA2A2A0004D029C /* Delegates */ = {
			isa = PBXGroup;
			children = (
				5F601ED92BA2A2A0004D029C /* AppDelegate.swift */,
				5F601EDA2BA2A2A0004D029C /* SceneDelegate.swift */,
			);
			path = Delegates;
			sourceTree = "<group>";
		};
		5F601EDC2BA2A2A0004D029C /* Model */ = {
			isa = PBXGroup;
			children = (
				5F6F09DB2BA84B0300374B42 /* Planets.swift */,
			);
			path = Model;
			sourceTree = "<group>";
		};
		5F601EDD2BA2A2A0004D029C /* ViewModel */ = {
			isa = PBXGroup;
			children = (
				5FDC25D22BA9561400713032 /* PlViewModal.swift */,
			);
			path = ViewModel;
			sourceTree = "<group>";
		};
		5F601EE32BA2A2A0004D029C /* Features */ = {
			isa = PBXGroup;
			children = (
				5F601EDC2BA2A2A0004D029C /* Model */,
				5F601EDD2BA2A2A0004D029C /* ViewModel */,
				5F601EDF2BA2A2A0004D029C /* LaunchScreen.storyboard */,
				5F601EE12BA2A2A0004D029C /* Main.storyboard */,
				5F601EE22BA2A2A0004D029C /* ViewController.swift */,
				5F601EF12BA2D916004D029C /* DemoTableViewCell.swift */,
				5F601EF22BA2D916004D029C /* DemoTableViewCell.xib */,
				5F6F09DF2BA8AFDC00374B42 /* PlanetDetailsViewController.swift */,
			);
			path = Features;
			sourceTree = "<group>";
		};
		5F601EE52BA2A2A0004D029C /* Res */ = {
			isa = PBXGroup;
			children = (
				5F601EE42BA2A2A0004D029C /* Assets.xcassets */,
			);
			path = Res;
			sourceTree = "<group>";
		};
		5F601EE62BA2A2A0004D029C /* Source */ = {
			isa = PBXGroup;
			children = (
				5F601EE32BA2A2A0004D029C /* Features */,
				5F601EE52BA2A2A0004D029C /* Res */,
			);
			path = Source;
			sourceTree = "<group>";
		};
/* End PBXGroup section */

/* Begin PBXNativeTarget section */
		5F55C5562BA1C6EF00997859 /* StarWars */ = {
			isa = PBXNativeTarget;
			buildConfigurationList = 5F55C5812BA1C6F000997859 /* Build configuration list for PBXNativeTarget "StarWars" */;
			buildPhases = (
				5F55C5532BA1C6EF00997859 /* Sources */,
				5F55C5542BA1C6EF00997859 /* Frameworks */,
				5F55C5552BA1C6EF00997859 /* Resources */,
			);
			buildRules = (
			);
			dependencies = (
			);
			name = StarWars;
			productName = StarWars;
			productReference = 5F55C5572BA1C6EF00997859 /* StarWars.app */;
			productType = "com.apple.product-type.application";
		};
		5F55C56C2BA1C6F000997859 /* StarWarsTests */ = {
			isa = PBXNativeTarget;
			buildConfigurationList = 5F55C5842BA1C6F000997859 /* Build configuration list for PBXNativeTarget "StarWarsTests" */;
			buildPhases = (
				5F55C5692BA1C6F000997859 /* Sources */,
				5F55C56A2BA1C6F000997859 /* Frameworks */,
				5F55C56B2BA1C6F000997859 /* Resources */,
			);
			buildRules = (
			);
			dependencies = (
				5F55C56F2BA1C6F000997859 /* PBXTargetDependency */,
			);
			name = StarWarsTests;
			productName = StarWarsTests;
			productReference = 5F55C56D2BA1C6F000997859 /* StarWarsTests.xctest */;
			productType = "com.apple.product-type.bundle.unit-test";
		};
		5F55C5762BA1C6F000997859 /* StarWarsUITests */ = {
			isa = PBXNativeTarget;
			buildConfigurationList = 5F55C5872BA1C6F000997859 /* Build configuration list for PBXNativeTarget "StarWarsUITests" */;
			buildPhases = (
				5F55C5732BA1C6F000997859 /* Sources */,
				5F55C5742BA1C6F000997859 /* Frameworks */,
				5F55C5752BA1C6F000997859 /* Resources */,
			);
			buildRules = (
			);
			dependencies = (
				5F55C5792BA1C6F000997859 /* PBXTargetDependency */,
			);
			name = StarWarsUITests;
			productName = StarWarsUITests;
			productReference = 5F55C5772BA1C6F000997859 /* StarWarsUITests.xctest */;
			productType = "com.apple.product-type.bundle.ui-testing";
		};
/* End PBXNativeTarget section */

/* Begin PBXProject section */
		5F55C54F2BA1C6EF00997859 /* Project object */ = {
			isa = PBXProject;
			attributes = {
				BuildIndependentTargetsInParallel = 1;
				LastSwiftUpdateCheck = 1530;
				LastUpgradeCheck = 1530;
				TargetAttributes = {
					5F55C5562BA1C6EF00997859 = {
						CreatedOnToolsVersion = 15.3;
					};
					5F55C56C2BA1C6F000997859 = {
						CreatedOnToolsVersion = 15.3;
						TestTargetID = 5F55C5562BA1C6EF00997859;
					};
					5F55C5762BA1C6F000997859 = {
						CreatedOnToolsVersion = 15.3;
						TestTargetID = 5F55C5562BA1C6EF00997859;
					};
				};
			};
			buildConfigurationList = 5F55C5522BA1C6EF00997859 /* Build configuration list for PBXProject "StarWars" */;
			compatibilityVersion = "Xcode 14.0";
			developmentRegion = en;
			hasScannedForEncodings = 0;
			knownRegions = (
				en,
				Base,
			);
			mainGroup = 5F55C54E2BA1C6EF00997859;
			productRefGroup = 5F55C5582BA1C6EF00997859 /* Products */;
			projectDirPath = "";
			projectRoot = "";
			targets = (
				5F55C5562BA1C6EF00997859 /* StarWars */,
				5F55C56C2BA1C6F000997859 /* StarWarsTests */,
				5F55C5762BA1C6F000997859 /* StarWarsUITests */,
			);
		};
/* End PBXProject section */

/* Begin PBXResourcesBuildPhase section */
		5F55C5552BA1C6EF00997859 /* Resources */ = {
			isa = PBXResourcesBuildPhase;
			buildActionMask = 2147483647;
			files = (
				5F601EE92BA2A2A0004D029C /* LaunchScreen.storyboard in Resources */,
				5F601EEC2BA2A2A0004D029C /* Assets.xcassets in Resources */,
				5F601EF32BA2D916004D029C /* DemoTableViewCell.xib in Resources */,
				5F601EEA2BA2A2A0004D029C /* Main.storyboard in Resources */,
			);
			runOnlyForDeploymentPostprocessing = 0;
		};
		5F55C56B2BA1C6F000997859 /* Resources */ = {
			isa = PBXResourcesBuildPhase;
			buildActionMask = 2147483647;
			files = (
			);
			runOnlyForDeploymentPostprocessing = 0;
		};
		5F55C5752BA1C6F000997859 /* Resources */ = {
			isa = PBXResourcesBuildPhase;
			buildActionMask = 2147483647;
			files = (
			);
			runOnlyForDeploymentPostprocessing = 0;
		};
/* End PBXResourcesBuildPhase section */

/* Begin PBXSourcesBuildPhase section */
		5F55C5532BA1C6EF00997859 /* Sources */ = {
			isa = PBXSourcesBuildPhase;
			buildActionMask = 2147483647;
			files = (
				5FDC25D32BA9561400713032 /* PlViewModal.swift in Sources */,
				5F601EEB2BA2A2A0004D029C /* ViewController.swift in Sources */,
				5F6F09DC2BA84B0300374B42 /* Planets.swift in Sources */,
				5F6F09E02BA8AFDC00374B42 /* PlanetDetailsViewController.swift in Sources */,
				5F601EE72BA2A2A0004D029C /* AppDelegate.swift in Sources */,
				5F601EF42BA2D916004D029C /* DemoTableViewCell.swift in Sources */,
				5F601EE82BA2A2A0004D029C /* SceneDelegate.swift in Sources */,
			);
			runOnlyForDeploymentPostprocessing = 0;
		};
		5F55C5692BA1C6F000997859 /* Sources */ = {
			isa = PBXSourcesBuildPhase;
			buildActionMask = 2147483647;
			files = (
				5F55C5722BA1C6F000997859 /* StarWarsTests.swift in Sources */,
			);
			runOnlyForDeploymentPostprocessing = 0;
		};
		5F55C5732BA1C6F000997859 /* Sources */ = {
			isa = PBXSourcesBuildPhase;
			buildActionMask = 2147483647;
			files = (
				5F55C57E2BA1C6F000997859 /* StarWarsUITestsLaunchTests.swift in Sources */,
				5F55C57C2BA1C6F000997859 /* StarWarsUITests.swift in Sources */,
			);
			runOnlyForDeploymentPostprocessing = 0;
		};
/* End PBXSourcesBuildPhase section */

/* Begin PBXTargetDependency section */
		5F55C56F2BA1C6F000997859 /* PBXTargetDependency */ = {
			isa = PBXTargetDependency;
			target = 5F55C5562BA1C6EF00997859 /* StarWars */;
			targetProxy = 5F55C56E2BA1C6F000997859 /* PBXContainerItemProxy */;
		};
		5F55C5792BA1C6F000997859 /* PBXTargetDependency */ = {
			isa = PBXTargetDependency;
			target = 5F55C5562BA1C6EF00997859 /* StarWars */;
			targetProxy = 5F55C5782BA1C6F000997859 /* PBXContainerItemProxy */;
		};
/* End PBXTargetDependency section */

/* Begin PBXVariantGroup section */
		5F601EDF2BA2A2A0004D029C /* LaunchScreen.storyboard */ = {
			isa = PBXVariantGroup;
			children = (
				5F601EDE2BA2A2A0004D029C /* Base */,
			);
			name = LaunchScreen.storyboard;
			sourceTree = "<group>";
		};
		5F601EE12BA2A2A0004D029C /* Main.storyboard */ = {
			isa = PBXVariantGroup;
			children = (
				5F601EE02BA2A2A0004D029C /* Base */,
			);
			name = Main.storyboard;
			sourceTree = "<group>";
		};
/* End PBXVariantGroup section */

/* Begin XCBuildConfiguration section */
		5F55C57F2BA1C6F000997859 /* Debug */ = {
			isa = XCBuildConfiguration;
			buildSettings = {
				ALWAYS_SEARCH_USER_PATHS = NO;
				ASSETCATALOG_COMPILER_GENERATE_SWIFT_ASSET_SYMBOL_EXTENSIONS = YES;
				CLANG_ANALYZER_NONNULL = YES;
				CLANG_ANALYZER_NUMBER_OBJECT_CONVERSION = YES_AGGRESSIVE;
				CLANG_CXX_LANGUAGE_STANDARD = "gnu++20";
				CLANG_ENABLE_MODULES = YES;
				CLANG_ENABLE_OBJC_ARC = YES;
				CLANG_ENABLE_OBJC_WEAK = YES;
				CLANG_WARN_BLOCK_CAPTURE_AUTORELEASING = YES;
				CLANG_WARN_BOOL_CONVERSION = YES;
				CLANG_WARN_COMMA = YES;
				CLANG_WARN_CONSTANT_CONVERSION = YES;
				CLANG_WARN_DEPRECATED_OBJC_IMPLEMENTATIONS = YES;
				CLANG_WARN_DIRECT_OBJC_ISA_USAGE = YES_ERROR;
				CLANG_WARN_DOCUMENTATION_COMMENTS = YES;
				CLANG_WARN_EMPTY_BODY = YES;
				CLANG_WARN_ENUM_CONVERSION = YES;
				CLANG_WARN_INFINITE_RECURSION = YES;
				CLANG_WARN_INT_CONVERSION = YES;
				CLANG_WARN_NON_LITERAL_NULL_CONVERSION = YES;
				CLANG_WARN_OBJC_IMPLICIT_RETAIN_SELF = YES;
				CLANG_WARN_OBJC_LITERAL_CONVERSION = YES;
				CLANG_WARN_OBJC_ROOT_CLASS = YES_ERROR;
				CLANG_WARN_QUOTED_INCLUDE_IN_FRAMEWORK_HEADER = YES;
				CLANG_WARN_RANGE_LOOP_ANALYSIS = YES;
				CLANG_WARN_STRICT_PROTOTYPES = YES;
				CLANG_WARN_SUSPICIOUS_MOVE = YES;
				CLANG_WARN_UNGUARDED_AVAILABILITY = YES_AGGRESSIVE;
				CLANG_WARN_UNREACHABLE_CODE = YES;
				CLANG_WARN__DUPLICATE_METHOD_MATCH = YES;
				COPY_PHASE_STRIP = NO;
				DEBUG_INFORMATION_FORMAT = dwarf;
				ENABLE_STRICT_OBJC_MSGSEND = YES;
				ENABLE_TESTABILITY = YES;
				ENABLE_USER_SCRIPT_SANDBOXING = YES;
				GCC_C_LANGUAGE_STANDARD = gnu17;
				GCC_DYNAMIC_NO_PIC = NO;
				GCC_NO_COMMON_BLOCKS = YES;
				GCC_OPTIMIZATION_LEVEL = 0;
				GCC_PREPROCESSOR_DEFINITIONS = (
					"DEBUG=1",
					"$(inherited)",
				);
				GCC_WARN_64_TO_32_BIT_CONVERSION = YES;
				GCC_WARN_ABOUT_RETURN_TYPE = YES_ERROR;
				GCC_WARN_UNDECLARED_SELECTOR = YES;
				GCC_WARN_UNINITIALIZED_AUTOS = YES_AGGRESSIVE;
				GCC_WARN_UNUSED_FUNCTION = YES;
				GCC_WARN_UNUSED_VARIABLE = YES;
				IPHONEOS_DEPLOYMENT_TARGET = 17.4;
				LOCALIZATION_PREFERS_STRING_CATALOGS = YES;
				MTL_ENABLE_DEBUG_INFO = INCLUDE_SOURCE;
				MTL_FAST_MATH = YES;
				ONLY_ACTIVE_ARCH = YES;
				SDKROOT = iphoneos;
				SWIFT_ACTIVE_COMPILATION_CONDITIONS = "DEBUG $(inherited)";
				SWIFT_OPTIMIZATION_LEVEL = "-Onone";
			};
			name = Debug;
		};
		5F55C5802BA1C6F000997859 /* Release */ = {
			isa = XCBuildConfiguration;
			buildSettings = {
				ALWAYS_SEARCH_USER_PATHS = NO;
				ASSETCATALOG_COMPILER_GENERATE_SWIFT_ASSET_SYMBOL_EXTENSIONS = YES;
				CLANG_ANALYZER_NONNULL = YES;
				CLANG_ANALYZER_NUMBER_OBJECT_CONVERSION = YES_AGGRESSIVE;
				CLANG_CXX_LANGUAGE_STANDARD = "gnu++20";
				CLANG_ENABLE_MODULES = YES;
				CLANG_ENABLE_OBJC_ARC = YES;
				CLANG_ENABLE_OBJC_WEAK = YES;
				CLANG_WARN_BLOCK_CAPTURE_AUTORELEASING = YES;
				CLANG_WARN_BOOL_CONVERSION = YES;
				CLANG_WARN_COMMA = YES;
				CLANG_WARN_CONSTANT_CONVERSION = YES;
				CLANG_WARN_DEPRECATED_OBJC_IMPLEMENTATIONS = YES;
				CLANG_WARN_DIRECT_OBJC_ISA_USAGE = YES_ERROR;
				CLANG_WARN_DOCUMENTATION_COMMENTS = YES;
				CLANG_WARN_EMPTY_BODY = YES;
				CLANG_WARN_ENUM_CONVERSION = YES;
				CLANG_WARN_INFINITE_RECURSION = YES;
				CLANG_WARN_INT_CONVERSION = YES;
				CLANG_WARN_NON_LITERAL_NULL_CONVERSION = YES;
				CLANG_WARN_OBJC_IMPLICIT_RETAIN_SELF = YES;
				CLANG_WARN_OBJC_LITERAL_CONVERSION = YES;
				CLANG_WARN_OBJC_ROOT_CLASS = YES_ERROR;
				CLANG_WARN_QUOTED_INCLUDE_IN_FRAMEWORK_HEADER = YES;
				CLANG_WARN_RANGE_LOOP_ANALYSIS = YES;
				CLANG_WARN_STRICT_PROTOTYPES = YES;
				CLANG_WARN_SUSPICIOUS_MOVE = YES;
				CLANG_WARN_UNGUARDED_AVAILABILITY = YES_AGGRESSIVE;
				CLANG_WARN_UNREACHABLE_CODE = YES;
				CLANG_WARN__DUPLICATE_METHOD_MATCH = YES;
				COPY_PHASE_STRIP = NO;
				DEBUG_INFORMATION_FORMAT = "dwarf-with-dsym";
				ENABLE_NS_ASSERTIONS = NO;
				ENABLE_STRICT_OBJC_MSGSEND = YES;
				ENABLE_USER_SCRIPT_SANDBOXING = YES;
				GCC_C_LANGUAGE_STANDARD = gnu17;
				GCC_NO_COMMON_BLOCKS = YES;
				GCC_WARN_64_TO_32_BIT_CONVERSION = YES;
				GCC_WARN_ABOUT_RETURN_TYPE = YES_ERROR;
				GCC_WARN_UNDECLARED_SELECTOR = YES;
				GCC_WARN_UNINITIALIZED_AUTOS = YES_AGGRESSIVE;
				GCC_WARN_UNUSED_FUNCTION = YES;
				GCC_WARN_UNUSED_VARIABLE = YES;
				IPHONEOS_DEPLOYMENT_TARGET = 17.4;
				LOCALIZATION_PREFERS_STRING_CATALOGS = YES;
				MTL_ENABLE_DEBUG_INFO = NO;
				MTL_FAST_MATH = YES;
				SDKROOT = iphoneos;
				SWIFT_COMPILATION_MODE = wholemodule;
				VALIDATE_PRODUCT = YES;
			};
			name = Release;
		};
		5F55C5822BA1C6F000997859 /* Debug */ = {
			isa = XCBuildConfiguration;
			buildSettings = {
				ASSETCATALOG_COMPILER_APPICON_NAME = AppIcon;
				ASSETCATALOG_COMPILER_GLOBAL_ACCENT_COLOR_NAME = AccentColor;
				CODE_SIGN_STYLE = Automatic;
				CURRENT_PROJECT_VERSION = 1;
				GENERATE_INFOPLIST_FILE = YES;
				INFOPLIST_FILE = StarWars/Info.plist;
				INFOPLIST_KEY_UIApplicationSupportsIndirectInputEvents = YES;
				INFOPLIST_KEY_UILaunchStoryboardName = LaunchScreen;
				INFOPLIST_KEY_UIMainStoryboardFile = Main;
				INFOPLIST_KEY_UISupportedInterfaceOrientations_iPad = "UIInterfaceOrientationPortrait UIInterfaceOrientationPortraitUpsideDown UIInterfaceOrientationLandscapeLeft UIInterfaceOrientationLandscapeRight";
				INFOPLIST_KEY_UISupportedInterfaceOrientations_iPhone = "UIInterfaceOrientationPortrait UIInterfaceOrientationLandscapeLeft UIInterfaceOrientationLandscapeRight";
				LD_RUNPATH_SEARCH_PATHS = (
					"$(inherited)",
					"@executable_path/Frameworks",
				);
				MARKETING_VERSION = 1.0;
				PRODUCT_BUNDLE_IDENTIFIER = com.a.StarWars;
				PRODUCT_NAME = "$(TARGET_NAME)";
				SWIFT_EMIT_LOC_STRINGS = YES;
				SWIFT_VERSION = 5.0;
				TARGETED_DEVICE_FAMILY = "1,2";
			};
			name = Debug;
		};
		5F55C5832BA1C6F000997859 /* Release */ = {
			isa = XCBuildConfiguration;
			buildSettings = {
				ASSETCATALOG_COMPILER_APPICON_NAME = AppIcon;
				ASSETCATALOG_COMPILER_GLOBAL_ACCENT_COLOR_NAME = AccentColor;
				CODE_SIGN_STYLE = Automatic;
				CURRENT_PROJECT_VERSION = 1;
				GENERATE_INFOPLIST_FILE = YES;
				INFOPLIST_FILE = StarWars/Info.plist;
				INFOPLIST_KEY_UIApplicationSupportsIndirectInputEvents = YES;
				INFOPLIST_KEY_UILaunchStoryboardName = LaunchScreen;
				INFOPLIST_KEY_UIMainStoryboardFile = Main;
				INFOPLIST_KEY_UISupportedInterfaceOrientations_iPad = "UIInterfaceOrientationPortrait UIInterfaceOrientationPortraitUpsideDown UIInterfaceOrientationLandscapeLeft UIInterfaceOrientationLandscapeRight";
				INFOPLIST_KEY_UISupportedInterfaceOrientations_iPhone = "UIInterfaceOrientationPortrait UIInterfaceOrientationLandscapeLeft UIInterfaceOrientationLandscapeRight";
				LD_RUNPATH_SEARCH_PATHS = (
					"$(inherited)",
					"@executable_path/Frameworks",
				);
				MARKETING_VERSION = 1.0;
				PRODUCT_BUNDLE_IDENTIFIER = com.a.StarWars;
				PRODUCT_NAME = "$(TARGET_NAME)";
				SWIFT_EMIT_LOC_STRINGS = YES;
				SWIFT_VERSION = 5.0;
				TARGETED_DEVICE_FAMILY = "1,2";
			};
			name = Release;
		};
		5F55C5852BA1C6F000997859 /* Debug */ = {
			isa = XCBuildConfiguration;
			buildSettings = {
				ALWAYS_EMBED_SWIFT_STANDARD_LIBRARIES = YES;
				BUNDLE_LOADER = "$(TEST_HOST)";
				CODE_SIGN_STYLE = Automatic;
				CURRENT_PROJECT_VERSION = 1;
				GENERATE_INFOPLIST_FILE = YES;
				IPHONEOS_DEPLOYMENT_TARGET = 17.4;
				MARKETING_VERSION = 1.0;
				PRODUCT_BUNDLE_IDENTIFIER = com.a.StarWarsTests;
				PRODUCT_NAME = "$(TARGET_NAME)";
				SWIFT_EMIT_LOC_STRINGS = NO;
				SWIFT_VERSION = 5.0;
				TARGETED_DEVICE_FAMILY = "1,2";
				TEST_HOST = "$(BUILT_PRODUCTS_DIR)/StarWars.app/$(BUNDLE_EXECUTABLE_FOLDER_PATH)/StarWars";
			};
			name = Debug;
		};
		5F55C5862BA1C6F000997859 /* Release */ = {
			isa = XCBuildConfiguration;
			buildSettings = {
				ALWAYS_EMBED_SWIFT_STANDARD_LIBRARIES = YES;
				BUNDLE_LOADER = "$(TEST_HOST)";
				CODE_SIGN_STYLE = Automatic;
				CURRENT_PROJECT_VERSION = 1;
				GENERATE_INFOPLIST_FILE = YES;
				IPHONEOS_DEPLOYMENT_TARGET = 17.4;
				MARKETING_VERSION = 1.0;
				PRODUCT_BUNDLE_IDENTIFIER = com.a.StarWarsTests;
				PRODUCT_NAME = "$(TARGET_NAME)";
				SWIFT_EMIT_LOC_STRINGS = NO;
				SWIFT_VERSION = 5.0;
				TARGETED_DEVICE_FAMILY = "1,2";
				TEST_HOST = "$(BUILT_PRODUCTS_DIR)/StarWars.app/$(BUNDLE_EXECUTABLE_FOLDER_PATH)/StarWars";
			};
			name = Release;
		};
		5F55C5882BA1C6F000997859 /* Debug */ = {
			isa = XCBuildConfiguration;
			buildSettings = {
				ALWAYS_EMBED_SWIFT_STANDARD_LIBRARIES = YES;
				CODE_SIGN_STYLE = Automatic;
				CURRENT_PROJECT_VERSION = 1;
				GENERATE_INFOPLIST_FILE = YES;
				MARKETING_VERSION = 1.0;
				PRODUCT_BUNDLE_IDENTIFIER = com.a.StarWarsUITests;
				PRODUCT_NAME = "$(TARGET_NAME)";
				SWIFT_EMIT_LOC_STRINGS = NO;
				SWIFT_VERSION = 5.0;
				TARGETED_DEVICE_FAMILY = "1,2";
				TEST_TARGET_NAME = StarWars;
			};
			name = Debug;
		};
		5F55C5892BA1C6F000997859 /* Release */ = {
			isa = XCBuildConfiguration;
			buildSettings = {
				ALWAYS_EMBED_SWIFT_STANDARD_LIBRARIES = YES;
				CODE_SIGN_STYLE = Automatic;
				CURRENT_PROJECT_VERSION = 1;
				GENERATE_INFOPLIST_FILE = YES;
				MARKETING_VERSION = 1.0;
				PRODUCT_BUNDLE_IDENTIFIER = com.a.StarWarsUITests;
				PRODUCT_NAME = "$(TARGET_NAME)";
				SWIFT_EMIT_LOC_STRINGS = NO;
				SWIFT_VERSION = 5.0;
				TARGETED_DEVICE_FAMILY = "1,2";
				TEST_TARGET_NAME = StarWars;
			};
			name = Release;
		};
/* End XCBuildConfiguration section */

/* Begin XCConfigurationList section */
		5F55C5522BA1C6EF00997859 /* Build configuration list for PBXProject "StarWars" */ = {
			isa = XCConfigurationList;
			buildConfigurations = (
				5F55C57F2BA1C6F000997859 /* Debug */,
				5F55C5802BA1C6F000997859 /* Release */,
			);
			defaultConfigurationIsVisible = 0;
			defaultConfigurationName = Release;
		};
		5F55C5812BA1C6F000997859 /* Build configuration list for PBXNativeTarget "StarWars" */ = {
			isa = XCConfigurationList;
			buildConfigurations = (
				5F55C5822BA1C6F000997859 /* Debug */,
				5F55C5832BA1C6F000997859 /* Release */,
			);
			defaultConfigurationIsVisible = 0;
			defaultConfigurationName = Release;
		};
		5F55C5842BA1C6F000997859 /* Build configuration list for PBXNativeTarget "StarWarsTests" */ = {
			isa = XCConfigurationList;
			buildConfigurations = (
				5F55C5852BA1C6F000997859 /* Debug */,
				5F55C5862BA1C6F000997859 /* Release */,
			);
			defaultConfigurationIsVisible = 0;
			defaultConfigurationName = Release;
		};
		5F55C5872BA1C6F000997859 /* Build configuration list for PBXNativeTarget "StarWarsUITests" */ = {
			isa = XCConfigurationList;
			buildConfigurations = (
				5F55C5882BA1C6F000997859 /* Debug */,
				5F55C5892BA1C6F000997859 /* Release */,
			);
			defaultConfigurationIsVisible = 0;
			defaultConfigurationName = Release;
		};
/* End XCConfigurationList section */
	};
	rootObject = 5F55C54F2BA1C6EF00997859 /* Project object */;
}
